<?xml version="1.0" encoding="utf-8"?>
<Project ToolsVersion="12.0" xmlns="http://schemas.microsoft.com/developer/msbuild/2003">
  <ItemGroup>
    <Filter Include="Source Files">
      <UniqueIdentifier>{4FC737F1-C7A5-4376-A066-2A32D752A2FF}</UniqueIdentifier>
      <Extensions>cpp;c;cc;cxx;def;odl;idl;hpj;bat;asm;asmx</Extensions>
    </Filter>
    <Filter Include="Header Files">
      <UniqueIdentifier>{93995380-89BD-4b04-88EB-625FBE52EBFB}</UniqueIdentifier>
      <Extensions>h;hpp;hxx;hm;inl;inc;xsd</Extensions>
    </Filter>
    <Filter Include="Resource Files">
      <UniqueIdentifier>{67DA6AB6-F800-4c08-8B7A-83BB121AAD01}</UniqueIdentifier>
      <Extensions>rc;ico;cur;bmp;dlg;rc2;rct;bin;rgs;gif;jpg;jpeg;jpe;resx;tiff;tif;png;wav;mfcribbon-ms</Extensions>
    </Filter>
    <Filter Include="shader">
      <UniqueIdentifier>{27aadaae-614b-414c-a49b-0c6c5e911cea}</UniqueIdentifier>
    </Filter>
    <Filter Include="spine">
      <UniqueIdentifier>{f4da6fb5-7d53-4b29-97cd-09656d97e8a8}</UniqueIdentifier>
    </Filter>
  </ItemGroup>
  <ItemGroup>
    <ClInclude Include="..\_pvr_sdk\Windows\Resources\resource.h">
      <Filter>Header Files</Filter>
    </ClInclude>
    <ClInclude Include="..\classes\App.h">
      <Filter>Header Files</Filter>
    </ClInclude>
    <ClInclude Include="..\classes\app_util.h">
      <Filter>Header Files</Filter>
    </ClInclude>
    <ClInclude Include="..\classes\ogl_util.h">
      <Filter>Header Files</Filter>
    </ClInclude>
    <ClInclude Include="..\classes\Gui.h">
      <Filter>Header Files</Filter>
    </ClInclude>
    <ClInclude Include="..\classes\Sphere.h">
      <Filter>Header Files</Filter>
    </ClInclude>
    <ClInclude Include="spine\AttachmentVertices.h">
      <Filter>spine</Filter>
    </ClInclude>
    <ClInclude Include="spine\Cocos2dAttachmentLoader.h">
      <Filter>spine</Filter>
    </ClInclude>
    <ClInclude Include="spine\SkeletonAnimation.h">
      <Filter>spine</Filter>
    </ClInclude>
    <ClInclude Include="spine\SkeletonBatch.h">
      <Filter>spine</Filter>
    </ClInclude>
    <ClInclude Include="spine\SkeletonRenderer.h">
      <Filter>spine</Filter>
    </ClInclude>
    <ClInclude Include="spine\spine-cocos2dx.h">
      <Filter>spine</Filter>
    </ClInclude>
  </ItemGroup>
  <ItemGroup>
    <ResourceCompile Include="..\_pvr_sdk\Windows\Resources\shared.rc">
      <Filter>Resource Files</Filter>
    </ResourceCompile>
  </ItemGroup>
  <ItemGroup>
    <ClCompile Include="..\classes\App.cpp">
      <Filter>Source Files</Filter>
    </ClCompile>
    <ClCompile Include="..\classes\app_util.cpp">
      <Filter>Source Files</Filter>
    </ClCompile>
    <ClCompile Include="..\classes\ogl_util.cpp">
      <Filter>Source Files</Filter>
    </ClCompile>
    <ClCompile Include="glbaseWin32.cpp" />
    <ClCompile Include="..\classes\Gui.cpp">
      <Filter>Source Files</Filter>
    </ClCompile>
    <ClCompile Include="..\classes\android_util.cpp">
      <Filter>Source Files</Filter>
    </ClCompile>
    <ClCompile Include="..\classes\Sphere.cpp">
      <Filter>Source Files</Filter>
    </ClCompile>
    <ClCompile Include="spine\AttachmentVertices.cpp">
      <Filter>spine</Filter>
    </ClCompile>
    <ClCompile Include="spine\Cocos2dAttachmentLoader.cpp">
      <Filter>spine</Filter>
    </ClCompile>
    <ClCompile Include="spine\SkeletonAnimation.cpp">
      <Filter>spine</Filter>
    </ClCompile>
    <ClCompile Include="spine\SkeletonBatch.cpp">
      <Filter>spine</Filter>
    </ClCompile>
    <ClCompile Include="spine\SkeletonRenderer.cpp">
      <Filter>spine</Filter>
    </ClCompile>
    <ClCompile Include="spine\spine-cocos2dx.cpp">
      <Filter>spine</Filter>
    </ClCompile>
  </ItemGroup>
  <ItemGroup>
    <None Include="..\media\shader\simple.frag">
      <Filter>shader</Filter>
    </None>
    <None Include="..\media\shader\simple.vert">
      <Filter>shader</Filter>
    </None>
    <None Include="..\media\shader\simple3d.frag">
      <Filter>shader</Filter>
    </None>
    <None Include="..\media\shader\simple3d.vert">
      <Filter>shader</Filter>
    </None>
    <None Include="..\media\shader\tex2d.frag">
      <Filter>shader</Filter>
    </None>
    <None Include="..\media\shader\tex2d.vert">
      <Filter>shader</Filter>
    </None>
    <None Include="..\media\shader\gui.frag">
      <Filter>shader</Filter>
    </None>
    <None Include="..\media\shader\gui.vert">
      <Filter>shader</Filter>
    </None>
    <None Include="..\media\shader\spine.frag">
      <Filter>shader</Filter>
    </None>
    <None Include="..\media\shader\spine.vert">
      <Filter>shader</Filter>
    </None>
  </ItemGroup>
</Project>